
Microsoft Visual Studio Solution File, Format Version 12.00
# Visual Studio Version 17
VisualStudioVersion = 17.11.35327.3
MinimumVisualStudioVersion = 10.0.40219.1
Project("{FAE04EC0-301F-11D3-BF4B-00C04F79EFBC}") = "Proiect_Testare", "Proiect_Testare.csproj", "{1C75F01F-2256-4B0D-965C-37CA90D5900D}"
EndProject
Global
	GlobalSection(SolutionConfigurationPlatforms) = preSolution
		Debug|Any CPU = Debug|Any CPU
		Release|Any CPU = Release|Any CPU
	EndGlobalSection
	GlobalSection(ProjectConfigurationPlatforms) = postSolution
		{1C75F01F-2256-4B0D-965C-37CA90D5900D}.Debug|Any CPU.ActiveCfg = Debug|Any CPU
		{1C75F01F-2256-4B0D-965C-37CA90D5900D}.Debug|Any CPU.Build.0 = Debug|Any CPU
		{1C75F01F-2256-4B0D-965C-37CA90D5900D}.Release|Any CPU.ActiveCfg = Release|Any CPU
		{1C75F01F-2256-4B0D-965C-37CA90D5900D}.Release|Any CPU.Build.0 = Release|Any CPU
	EndGlobalSection
	GlobalSection(SolutionProperties) = preSolution
		HideSolutionNode = FALSE
	EndGlobalSection
	GlobalSection(ExtensibilityGlobals) = postSolution
		SolutionGuid = {31EDB19A-037F-4610-9275-9A7C370A16BE}
	EndGlobalSection
EndGlobal
